// !$*UTF8*$!
{
	archiveVersion = 1;
	classes = {
	};
	objectVersion = 55;
	objects = {

/* Begin PBXBuildFile section */
		8E58699E28063C0F00134156 /* Patron.cpp in Sources */ = {isa = PBXBuildFile; fileRef = 8E58699D28063C0F00134156 /* Patron.cpp */; };
		8E5869A0280642CA00134156 /* Loan.cpp in Sources */ = {isa = PBXBuildFile; fileRef = 8E58699F280642C900134156 /* Loan.cpp */; };
		8EB9B1E827F2656900DF75B7 /* main.cpp in Sources */ = {isa = PBXBuildFile; fileRef = 8EB9B1E727F2656900DF75B7 /* main.cpp */; };
		8ED3AC6B28008CB90019688F /* Book.cpp in Sources */ = {isa = PBXBuildFile; fileRef = 8ED3AC6A28008CB90019688F /* Book.cpp */; };
		8EE0993D28131863003F8A9A /* Books.cpp in Sources */ = {isa = PBXBuildFile; fileRef = 8EE0993C28131863003F8A9A /* Books.cpp */; };
		8EE099402814FCFB003F8A9A /* Loans.cpp in Sources */ = {isa = PBXBuildFile; fileRef = 8EE0993F2814FCFB003F8A9A /* Loans.cpp */; };
		8EE099422814FE5A003F8A9A /* Patrons.cpp in Sources */ = {isa = PBXBuildFile; fileRef = 8EE099412814FE5A003F8A9A /* Patrons.cpp */; };
/* End PBXBuildFile section */

/* Begin PBXCopyFilesBuildPhase section */
		8EB9B1E227F2656900DF75B7 /* CopyFiles */ = {
			isa = PBXCopyFilesBuildPhase;
			buildActionMask = 2147483647;
			dstPath = /usr/share/man/man1/;
			dstSubfolderSpec = 0;
			files = (
			);
			runOnlyForDeploymentPostprocessing = 1;
		};
/* End PBXCopyFilesBuildPhase section */

/* Begin PBXFileReference section */
		8E13EC6F27FB461C00895F19 /* Books.h */ = {isa = PBXFileReference; lastKnownFileType = sourcecode.c.h; path = Books.h; sourceTree = "<group>"; };
		8E13EC7027FB462E00895F19 /* Loans.h */ = {isa = PBXFileReference; lastKnownFileType = sourcecode.c.h; path = Loans.h; sourceTree = "<group>"; };
		8E13EC7127FB463900895F19 /* Patrons.h */ = {isa = PBXFileReference; lastKnownFileType = sourcecode.c.h; path = Patrons.h; sourceTree = "<group>"; };
		8E58699D28063C0F00134156 /* Patron.cpp */ = {isa = PBXFileReference; lastKnownFileType = sourcecode.cpp.cpp; path = Patron.cpp; sourceTree = "<group>"; };
		8E58699F280642C900134156 /* Loan.cpp */ = {isa = PBXFileReference; lastKnownFileType = sourcecode.cpp.cpp; path = Loan.cpp; sourceTree = "<group>"; };
		8EB9B1E427F2656900DF75B7 /* HW3 */ = {isa = PBXFileReference; explicitFileType = "compiled.mach-o.executable"; includeInIndex = 0; path = HW3; sourceTree = BUILT_PRODUCTS_DIR; };
		8EB9B1E727F2656900DF75B7 /* main.cpp */ = {isa = PBXFileReference; lastKnownFileType = sourcecode.cpp.cpp; path = main.cpp; sourceTree = "<group>"; };
		8EB9B1EE27F2663500DF75B7 /* Patron.h */ = {isa = PBXFileReference; lastKnownFileType = sourcecode.c.h; path = Patron.h; sourceTree = "<group>"; };
		8EB9B1EF27F2664D00DF75B7 /* Book.h */ = {isa = PBXFileReference; lastKnownFileType = sourcecode.c.h; path = Book.h; sourceTree = "<group>"; };
		8EB9B1F027F2666200DF75B7 /* Loan.h */ = {isa = PBXFileReference; lastKnownFileType = sourcecode.c.h; path = Loan.h; sourceTree = "<group>"; };
		8ED3AC6A28008CB90019688F /* Book.cpp */ = {isa = PBXFileReference; lastKnownFileType = sourcecode.cpp.cpp; path = Book.cpp; sourceTree = "<group>"; };
		8EE0993C28131863003F8A9A /* Books.cpp */ = {isa = PBXFileReference; lastKnownFileType = sourcecode.cpp.cpp; path = Books.cpp; sourceTree = "<group>"; };
		8EE0993E2814DC83003F8A9A /* books.dat */ = {isa = PBXFileReference; lastKnownFileType = text; path = books.dat; sourceTree = "<group>"; };
		8EE0993F2814FCFB003F8A9A /* Loans.cpp */ = {isa = PBXFileReference; lastKnownFileType = sourcecode.cpp.cpp; path = Loans.cpp; sourceTree = "<group>"; };
		8EE099412814FE5A003F8A9A /* Patrons.cpp */ = {isa = PBXFileReference; lastKnownFileType = sourcecode.cpp.cpp; path = Patrons.cpp; sourceTree = "<group>"; };
		8EE099432815A9FF003F8A9A /* patrons.dat */ = {isa = PBXFileReference; lastKnownFileType = text; path = patrons.dat; sourceTree = "<group>"; };
/* End PBXFileReference section */

/* Begin PBXFrameworksBuildPhase section */
		8EB9B1E127F2656900DF75B7 /* Frameworks */ = {
			isa = PBXFrameworksBuildPhase;
			buildActionMask = 2147483647;
			files = (
			);
			runOnlyForDeploymentPostprocessing = 0;
		};
/* End PBXFrameworksBuildPhase section */

/* Begin PBXGroup section */
		8EB9B1DB27F2656900DF75B7 = {
			isa = PBXGroup;
			children = (
				8EB9B1E627F2656900DF75B7 /* HW3 */,
				8EB9B1E527F2656900DF75B7 /* Products */,
			);
			sourceTree = "<group>";
		};
		8EB9B1E527F2656900DF75B7 /* Products */ = {
			isa = PBXGroup;
			children = (
				8EB9B1E427F2656900DF75B7 /* HW3 */,
			);
			name = Products;
			sourceTree = "<group>";
		};
		8EB9B1E627F2656900DF75B7 /* HW3 */ = {
			isa = PBXGroup;
			children = (
				8EB9B1E727F2656900DF75B7 /* main.cpp */,
				8EB9B1EF27F2664D00DF75B7 /* Book.h */,
				8EB9B1F027F2666200DF75B7 /* Loan.h */,
				8E13EC6F27FB461C00895F19 /* Books.h */,
				8EE0993F2814FCFB003F8A9A /* Loans.cpp */,
				8ED3AC6A28008CB90019688F /* Book.cpp */,
				8EE0993E2814DC83003F8A9A /* books.dat */,
				8EE0993C28131863003F8A9A /* Books.cpp */,
				8EE099432815A9FF003F8A9A /* patrons.dat */,
				8E58699F280642C900134156 /* Loan.cpp */,
				8EE099412814FE5A003F8A9A /* Patrons.cpp */,
				8E58699D28063C0F00134156 /* Patron.cpp */,
				8EB9B1EE27F2663500DF75B7 /* Patron.h */,
				8E13EC7027FB462E00895F19 /* Loans.h */,
				8E13EC7127FB463900895F19 /* Patrons.h */,
			);
			path = HW3;
			sourceTree = "<group>";
		};
/* End PBXGroup section */

/* Begin PBXNativeTarget section */
		8EB9B1E327F2656900DF75B7 /* HW3 */ = {
			isa = PBXNativeTarget;
			buildConfigurationList = 8EB9B1EB27F2656900DF75B7 /* Build configuration list for PBXNativeTarget "HW3" */;
			buildPhases = (
				8EB9B1E027F2656900DF75B7 /* Sources */,
				8EB9B1E127F2656900DF75B7 /* Frameworks */,
				8EB9B1E227F2656900DF75B7 /* CopyFiles */,
			);
			buildRules = (
			);
			dependencies = (
			);
			name = HW3;
			productName = HW3;
			productReference = 8EB9B1E427F2656900DF75B7 /* HW3 */;
			productType = "com.apple.product-type.tool";
		};
/* End PBXNativeTarget section */

/* Begin PBXProject section */
		8EB9B1DC27F2656900DF75B7 /* Project object */ = {
			isa = PBXProject;
			attributes = {
				BuildIndependentTargetsInParallel = 1;
				LastUpgradeCheck = 1310;
				TargetAttributes = {
					8EB9B1E327F2656900DF75B7 = {
						CreatedOnToolsVersion = 13.1;
					};
				};
			};
			buildConfigurationList = 8EB9B1DF27F2656900DF75B7 /* Build configuration list for PBXProject "HW3" */;
			compatibilityVersion = "Xcode 13.0";
			developmentRegion = en;
			hasScannedForEncodings = 0;
			knownRegions = (
				en,
				Base,
			);
			mainGroup = 8EB9B1DB27F2656900DF75B7;
			productRefGroup = 8EB9B1E527F2656900DF75B7 /* Products */;
			projectDirPath = "";
			projectRoot = "";
			targets = (
				8EB9B1E327F2656900DF75B7 /* HW3 */,
			);
		};
/* End PBXProject section */

/* Begin PBXSourcesBuildPhase section */
		8EB9B1E027F2656900DF75B7 /* Sources */ = {
			isa = PBXSourcesBuildPhase;
			buildActionMask = 2147483647;
			files = (
				8E58699E28063C0F00134156 /* Patron.cpp in Sources */,
				8EE099422814FE5A003F8A9A /* Patrons.cpp in Sources */,
				8ED3AC6B28008CB90019688F /* Book.cpp in Sources */,
				8EB9B1E827F2656900DF75B7 /* main.cpp in Sources */,
				8EE0993D28131863003F8A9A /* Books.cpp in Sources */,
				8E5869A0280642CA00134156 /* Loan.cpp in Sources */,
				8EE099402814FCFB003F8A9A /* Loans.cpp in Sources */,
			);
			runOnlyForDeploymentPostprocessing = 0;
		};
/* End PBXSourcesBuildPhase section */

/* Begin XCBuildConfiguration section */
		8EB9B1E927F2656900DF75B7 /* Debug */ = {
			isa = XCBuildConfiguration;
			buildSettings = {
				ALWAYS_SEARCH_USER_PATHS = NO;
				CLANG_ANALYZER_NONNULL = YES;
				CLANG_ANALYZER_NUMBER_OBJECT_CONVERSION = YES_AGGRESSIVE;
				CLANG_CXX_LANGUAGE_STANDARD = "gnu++17";
				CLANG_CXX_LIBRARY = "libc++";
				CLANG_ENABLE_MODULES = YES;
				CLANG_ENABLE_OBJC_ARC = YES;
				CLANG_ENABLE_OBJC_WEAK = YES;
				CLANG_WARN_BLOCK_CAPTURE_AUTORELEASING = YES;
				CLANG_WARN_BOOL_CONVERSION = YES;
				CLANG_WARN_COMMA = YES;
				CLANG_WARN_CONSTANT_CONVERSION = YES;
				CLANG_WARN_DEPRECATED_OBJC_IMPLEMENTATIONS = YES;
				CLANG_WARN_DIRECT_OBJC_ISA_USAGE = YES_ERROR;
				CLANG_WARN_DOCUMENTATION_COMMENTS = YES;
				CLANG_WARN_EMPTY_BODY = YES;
				CLANG_WARN_ENUM_CONVERSION = YES;
				CLANG_WARN_INFINITE_RECURSION = YES;
				CLANG_WARN_INT_CONVERSION = YES;
				CLANG_WARN_NON_LITERAL_NULL_CONVERSION = YES;
				CLANG_WARN_OBJC_IMPLICIT_RETAIN_SELF = YES;
				CLANG_WARN_OBJC_LITERAL_CONVERSION = YES;
				CLANG_WARN_OBJC_ROOT_CLASS = YES_ERROR;
				CLANG_WARN_QUOTED_INCLUDE_IN_FRAMEWORK_HEADER = YES;
				CLANG_WARN_RANGE_LOOP_ANALYSIS = YES;
				CLANG_WARN_STRICT_PROTOTYPES = YES;
				CLANG_WARN_SUSPICIOUS_MOVE = YES;
				CLANG_WARN_UNGUARDED_AVAILABILITY = YES_AGGRESSIVE;
				CLANG_WARN_UNREACHABLE_CODE = YES;
				CLANG_WARN__DUPLICATE_METHOD_MATCH = YES;
				COPY_PHASE_STRIP = NO;
				DEBUG_INFORMATION_FORMAT = dwarf;
				ENABLE_STRICT_OBJC_MSGSEND = YES;
				ENABLE_TESTABILITY = YES;
				GCC_C_LANGUAGE_STANDARD = gnu11;
				GCC_DYNAMIC_NO_PIC = NO;
				GCC_NO_COMMON_BLOCKS = YES;
				GCC_OPTIMIZATION_LEVEL = 0;
				GCC_PREPROCESSOR_DEFINITIONS = (
					"DEBUG=1",
					"$(inherited)",
				);
				GCC_WARN_64_TO_32_BIT_CONVERSION = YES;
				GCC_WARN_ABOUT_RETURN_TYPE = YES_ERROR;
				GCC_WARN_UNDECLARED_SELECTOR = YES;
				GCC_WARN_UNINITIALIZED_AUTOS = YES_AGGRESSIVE;
				GCC_WARN_UNUSED_FUNCTION = YES;
				GCC_WARN_UNUSED_VARIABLE = YES;
				MACOSX_DEPLOYMENT_TARGET = 12.0;
				MTL_ENABLE_DEBUG_INFO = INCLUDE_SOURCE;
				MTL_FAST_MATH = YES;
				ONLY_ACTIVE_ARCH = YES;
				SDKROOT = macosx;
			};
			name = Debug;
		};
		8EB9B1EA27F2656900DF75B7 /* Release */ = {
			isa = XCBuildConfiguration;
			buildSettings = {
				ALWAYS_SEARCH_USER_PATHS = NO;
				CLANG_ANALYZER_NONNULL = YES;
				CLANG_ANALYZER_NUMBER_OBJECT_CONVERSION = YES_AGGRESSIVE;
				CLANG_CXX_LANGUAGE_STANDARD = "gnu++17";
				CLANG_CXX_LIBRARY = "libc++";
				CLANG_ENABLE_MODULES = YES;
				CLANG_ENABLE_OBJC_ARC = YES;
				CLANG_ENABLE_OBJC_WEAK = YES;
				CLANG_WARN_BLOCK_CAPTURE_AUTORELEASING = YES;
				CLANG_WARN_BOOL_CONVERSION = YES;
				CLANG_WARN_COMMA = YES;
				CLANG_WARN_CONSTANT_CONVERSION = YES;
				CLANG_WARN_DEPRECATED_OBJC_IMPLEMENTATIONS = YES;
				CLANG_WARN_DIRECT_OBJC_ISA_USAGE = YES_ERROR;
				CLANG_WARN_DOCUMENTATION_COMMENTS = YES;
				CLANG_WARN_EMPTY_BODY = YES;
				CLANG_WARN_ENUM_CONVERSION = YES;
				CLANG_WARN_INFINITE_RECURSION = YES;
				CLANG_WARN_INT_CONVERSION = YES;
				CLANG_WARN_NON_LITERAL_NULL_CONVERSION = YES;
				CLANG_WARN_OBJC_IMPLICIT_RETAIN_SELF = YES;
				CLANG_WARN_OBJC_LITERAL_CONVERSION = YES;
				CLANG_WARN_OBJC_ROOT_CLASS = YES_ERROR;
				CLANG_WARN_QUOTED_INCLUDE_IN_FRAMEWORK_HEADER = YES;
				CLANG_WARN_RANGE_LOOP_ANALYSIS = YES;
				CLANG_WARN_STRICT_PROTOTYPES = YES;
				CLANG_WARN_SUSPICIOUS_MOVE = YES;
				CLANG_WARN_UNGUARDED_AVAILABILITY = YES_AGGRESSIVE;
				CLANG_WARN_UNREACHABLE_CODE = YES;
				CLANG_WARN__DUPLICATE_METHOD_MATCH = YES;
				COPY_PHASE_STRIP = NO;
				DEBUG_INFORMATION_FORMAT = "dwarf-with-dsym";
				ENABLE_NS_ASSERTIONS = NO;
				ENABLE_STRICT_OBJC_MSGSEND = YES;
				GCC_C_LANGUAGE_STANDARD = gnu11;
				GCC_NO_COMMON_BLOCKS = YES;
				GCC_WARN_64_TO_32_BIT_CONVERSION = YES;
				GCC_WARN_ABOUT_RETURN_TYPE = YES_ERROR;
				GCC_WARN_UNDECLARED_SELECTOR = YES;
				GCC_WARN_UNINITIALIZED_AUTOS = YES_AGGRESSIVE;
				GCC_WARN_UNUSED_FUNCTION = YES;
				GCC_WARN_UNUSED_VARIABLE = YES;
				MACOSX_DEPLOYMENT_TARGET = 12.0;
				MTL_ENABLE_DEBUG_INFO = NO;
				MTL_FAST_MATH = YES;
				SDKROOT = macosx;
			};
			name = Release;
		};
		8EB9B1EC27F2656900DF75B7 /* Debug */ = {
			isa = XCBuildConfiguration;
			buildSettings = {
				CODE_SIGN_STYLE = Automatic;
				PRODUCT_NAME = "$(TARGET_NAME)";
			};
			name = Debug;
		};
		8EB9B1ED27F2656900DF75B7 /* Release */ = {
			isa = XCBuildConfiguration;
			buildSettings = {
				CODE_SIGN_STYLE = Automatic;
				PRODUCT_NAME = "$(TARGET_NAME)";
			};
			name = Release;
		};
/* End XCBuildConfiguration section */

/* Begin XCConfigurationList section */
		8EB9B1DF27F2656900DF75B7 /* Build configuration list for PBXProject "HW3" */ = {
			isa = XCConfigurationList;
			buildConfigurations = (
				8EB9B1E927F2656900DF75B7 /* Debug */,
				8EB9B1EA27F2656900DF75B7 /* Release */,
			);
			defaultConfigurationIsVisible = 0;
			defaultConfigurationName = Release;
		};
		8EB9B1EB27F2656900DF75B7 /* Build configuration list for PBXNativeTarget "HW3" */ = {
			isa = XCConfigurationList;
			buildConfigurations = (
				8EB9B1EC27F2656900DF75B7 /* Debug */,
				8EB9B1ED27F2656900DF75B7 /* Release */,
			);
			defaultConfigurationIsVisible = 0;
			defaultConfigurationName = Release;
		};
/* End XCConfigurationList section */
	};
	rootObject = 8EB9B1DC27F2656900DF75B7 /* Project object */;
}
